// !$*UTF8*$!
{
	archiveVersion = 1;
	classes = {
	};
	objectVersion = 46;
	objects = {

/* Begin PBXBuildFile section */
		F37F0CDD1A9E5490009BD732 /* AppDelegate.swift in Sources */ = {isa = PBXBuildFile; fileRef = F37F0CDC1A9E5490009BD732 /* AppDelegate.swift */; };
		F37F0CDF1A9E5490009BD732 /* ViewController.swift in Sources */ = {isa = PBXBuildFile; fileRef = F37F0CDE1A9E5490009BD732 /* ViewController.swift */; };
		F37F0CE21A9E5490009BD732 /* Main.storyboard in Resources */ = {isa = PBXBuildFile; fileRef = F37F0CE01A9E5490009BD732 /* Main.storyboard */; };
		F37F0CE41A9E5490009BD732 /* Images.xcassets in Resources */ = {isa = PBXBuildFile; fileRef = F37F0CE31A9E5490009BD732 /* Images.xcassets */; };
		F37F0CE71A9E5490009BD732 /* LaunchScreen.xib in Resources */ = {isa = PBXBuildFile; fileRef = F37F0CE51A9E5490009BD732 /* LaunchScreen.xib */; };
		F37F0CF31A9E5490009BD732 /* FacebookSettingTests.swift in Sources */ = {isa = PBXBuildFile; fileRef = F37F0CF21A9E5490009BD732 /* FacebookSettingTests.swift */; };
/* End PBXBuildFile section */

/* Begin PBXContainerItemProxy section */
		F37F0CED1A9E5490009BD732 /* PBXContainerItemProxy */ = {
			isa = PBXContainerItemProxy;
			containerPortal = F37F0CCF1A9E5490009BD732 /* Project object */;
			proxyType = 1;
			remoteGlobalIDString = F37F0CD61A9E5490009BD732;
			remoteInfo = FacebookSetting;
		};
/* End PBXContainerItemProxy section */

/* Begin PBXFileReference section */
		F37F0CD71A9E5490009BD732 /* FacebookSetting.app */ = {isa = PBXFileReference; explicitFileType = wrapper.application; includeInIndex = 0; path = FacebookSetting.app; sourceTree = BUILT_PRODUCTS_DIR; };
		F37F0CDB1A9E5490009BD732 /* Info.plist */ = {isa = PBXFileReference; lastKnownFileType = text.plist.xml; path = Info.plist; sourceTree = "<group>"; };
		F37F0CDC1A9E5490009BD732 /* AppDelegate.swift */ = {isa = PBXFileReference; lastKnownFileType = sourcecode.swift; path = AppDelegate.swift; sourceTree = "<group>"; };
		F37F0CDE1A9E5490009BD732 /* ViewController.swift */ = {isa = PBXFileReference; lastKnownFileType = sourcecode.swift; path = ViewController.swift; sourceTree = "<group>"; };
		F37F0CE11A9E5490009BD732 /* Base */ = {isa = PBXFileReference; lastKnownFileType = file.storyboard; name = Base; path = Base.lproj/Main.storyboard; sourceTree = "<group>"; };
		F37F0CE31A9E5490009BD732 /* Images.xcassets */ = {isa = PBXFileReference; lastKnownFileType = folder.assetcatalog; path = Images.xcassets; sourceTree = "<group>"; };
		F37F0CE61A9E5490009BD732 /* Base */ = {isa = PBXFileReference; lastKnownFileType = file.xib; name = Base; path = Base.lproj/LaunchScreen.xib; sourceTree = "<group>"; };
		F37F0CEC1A9E5490009BD732 /* FacebookSettingTests.xctest */ = {isa = PBXFileReference; explicitFileType = wrapper.cfbundle; includeInIndex = 0; path = FacebookSettingTests.xctest; sourceTree = BUILT_PRODUCTS_DIR; };
		F37F0CF11A9E5490009BD732 /* Info.plist */ = {isa = PBXFileReference; lastKnownFileType = text.plist.xml; path = Info.plist; sourceTree = "<group>"; };
		F37F0CF21A9E5490009BD732 /* FacebookSettingTests.swift */ = {isa = PBXFileReference; lastKnownFileType = sourcecode.swift; path = FacebookSettingTests.swift; sourceTree = "<group>"; };
/* End PBXFileReference section */

/* Begin PBXFrameworksBuildPhase section */
		F37F0CD41A9E5490009BD732 /* Frameworks */ = {
			isa = PBXFrameworksBuildPhase;
			buildActionMask = 2147483647;
			files = (
			);
			runOnlyForDeploymentPostprocessing = 0;
		};
		F37F0CE91A9E5490009BD732 /* Frameworks */ = {
			isa = PBXFrameworksBuildPhase;
			buildActionMask = 2147483647;
			files = (
			);
			runOnlyForDeploymentPostprocessing = 0;
		};
/* End PBXFrameworksBuildPhase section */

/* Begin PBXGroup section */
		F37F0CCE1A9E5490009BD732 = {
			isa = PBXGroup;
			children = (
				F37F0CD91A9E5490009BD732 /* FacebookSetting */,
				F37F0CEF1A9E5490009BD732 /* FacebookSettingTests */,
				F37F0CD81A9E5490009BD732 /* Products */,
			);
			sourceTree = "<group>";
		};
		F37F0CD81A9E5490009BD732 /* Products */ = {
			isa = PBXGroup;
			children = (
				F37F0CD71A9E5490009BD732 /* FacebookSetting.app */,
				F37F0CEC1A9E5490009BD732 /* FacebookSettingTests.xctest */,
			);
			name = Products;
			sourceTree = "<group>";
		};
		F37F0CD91A9E5490009BD732 /* FacebookSetting */ = {
			isa = PBXGroup;
			children = (
				F37F0CDC1A9E5490009BD732 /* AppDelegate.swift */,
				F37F0CDE1A9E5490009BD732 /* ViewController.swift */,
				F37F0CE01A9E5490009BD732 /* Main.storyboard */,
				F37F0CE31A9E5490009BD732 /* Images.xcassets */,
				F37F0CE51A9E5490009BD732 /* LaunchScreen.xib */,
				F37F0CDA1A9E5490009BD732 /* Supporting Files */,
			);
			path = FacebookSetting;
			sourceTree = "<group>";
		};
		F37F0CDA1A9E5490009BD732 /* Supporting Files */ = {
			isa = PBXGroup;
			children = (
				F37F0CDB1A9E5490009BD732 /* Info.plist */,
			);
			name = "Supporting Files";
			sourceTree = "<group>";
		};
		F37F0CEF1A9E5490009BD732 /* FacebookSettingTests */ = {
			isa = PBXGroup;
			children = (
				F37F0CF21A9E5490009BD732 /* FacebookSettingTests.swift */,
				F37F0CF01A9E5490009BD732 /* Supporting Files */,
			);
			path = FacebookSettingTests;
			sourceTree = "<group>";
		};
		F37F0CF01A9E5490009BD732 /* Supporting Files */ = {
			isa = PBXGroup;
			children = (
				F37F0CF11A9E5490009BD732 /* Info.plist */,
			);
			name = "Supporting Files";
			sourceTree = "<group>";
		};
/* End PBXGroup section */

/* Begin PBXNativeTarget section */
		F37F0CD61A9E5490009BD732 /* FacebookSetting */ = {
			isa = PBXNativeTarget;
			buildConfigurationList = F37F0CF61A9E5490009BD732 /* Build configuration list for PBXNativeTarget "FacebookSetting" */;
			buildPhases = (
				F37F0CD31A9E5490009BD732 /* Sources */,
				F37F0CD41A9E5490009BD732 /* Frameworks */,
				F37F0CD51A9E5490009BD732 /* Resources */,
			);
			buildRules = (
			);
			dependencies = (
			);
			name = FacebookSetting;
			productName = FacebookSetting;
			productReference = F37F0CD71A9E5490009BD732 /* FacebookSetting.app */;
			productType = "com.apple.product-type.application";
		};
		F37F0CEB1A9E5490009BD732 /* FacebookSettingTests */ = {
			isa = PBXNativeTarget;
			buildConfigurationList = F37F0CF91A9E5490009BD732 /* Build configuration list for PBXNativeTarget "FacebookSettingTests" */;
			buildPhases = (
				F37F0CE81A9E5490009BD732 /* Sources */,
				F37F0CE91A9E5490009BD732 /* Frameworks */,
				F37F0CEA1A9E5490009BD732 /* Resources */,
			);
			buildRules = (
			);
			dependencies = (
				F37F0CEE1A9E5490009BD732 /* PBXTargetDependency */,
			);
			name = FacebookSettingTests;
			productName = FacebookSettingTests;
			productReference = F37F0CEC1A9E5490009BD732 /* FacebookSettingTests.xctest */;
			productType = "com.apple.product-type.bundle.unit-test";
		};
/* End PBXNativeTarget section */

/* Begin PBXProject section */
		F37F0CCF1A9E5490009BD732 /* Project object */ = {
			isa = PBXProject;
			attributes = {
				LastUpgradeCheck = 0610;
				ORGANIZATIONNAME = OS;
				TargetAttributes = {
					F37F0CD61A9E5490009BD732 = {
						CreatedOnToolsVersion = 6.1.1;
					};
					F37F0CEB1A9E5490009BD732 = {
						CreatedOnToolsVersion = 6.1.1;
						TestTargetID = F37F0CD61A9E5490009BD732;
					};
				};
			};
			buildConfigurationList = F37F0CD21A9E5490009BD732 /* Build configuration list for PBXProject "FacebookSetting" */;
			compatibilityVersion = "Xcode 3.2";
			developmentRegion = English;
			hasScannedForEncodings = 0;
			knownRegions = (
				en,
				Base,
			);
			mainGroup = F37F0CCE1A9E5490009BD732;
			productRefGroup = F37F0CD81A9E5490009BD732 /* Products */;
			projectDirPath = "";
			projectRoot = "";
			targets = (
				F37F0CD61A9E5490009BD732 /* FacebookSetting */,
				F37F0CEB1A9E5490009BD732 /* FacebookSettingTests */,
			);
		};
/* End PBXProject section */

/* Begin PBXResourcesBuildPhase section */
		F37F0CD51A9E5490009BD732 /* Resources */ = {
			isa = PBXResourcesBuildPhase;
			buildActionMask = 2147483647;
			files = (
				F37F0CE21A9E5490009BD732 /* Main.storyboard in Resources */,
				F37F0CE71A9E5490009BD732 /* LaunchScreen.xib in Resources */,
				F37F0CE41A9E5490009BD732 /* Images.xcassets in Resources */,
			);
			runOnlyForDeploymentPostprocessing = 0;
		};
		F37F0CEA1A9E5490009BD732 /* Resources */ = {
			isa = PBXResourcesBuildPhase;
			buildActionMask = 2147483647;
			files = (
			);
			runOnlyForDeploymentPostprocessing = 0;
		};
/* End PBXResourcesBuildPhase section */

/* Begin PBXSourcesBuildPhase section */
		F37F0CD31A9E5490009BD732 /* Sources */ = {
			isa = PBXSourcesBuildPhase;
			buildActionMask = 2147483647;
			files = (
				F37F0CDF1A9E5490009BD732 /* ViewController.swift in Sources */,
				F37F0CDD1A9E5490009BD732 /* AppDelegate.swift in Sources */,
			);
			runOnlyForDeploymentPostprocessing = 0;
		};
		F37F0CE81A9E5490009BD732 /* Sources */ = {
			isa = PBXSourcesBuildPhase;
			buildActionMask = 2147483647;
			files = (
				F37F0CF31A9E5490009BD732 /* FacebookSettingTests.swift in Sources */,
			);
			runOnlyForDeploymentPostprocessing = 0;
		};
/* End PBXSourcesBuildPhase section */

/* Begin PBXTargetDependency section */
		F37F0CEE1A9E5490009BD732 /* PBXTargetDependency */ = {
			isa = PBXTargetDependency;
			target = F37F0CD61A9E5490009BD732 /* FacebookSetting */;
			targetProxy = F37F0CED1A9E5490009BD732 /* PBXContainerItemProxy */;
		};
/* End PBXTargetDependency section */

/* Begin PBXVariantGroup section */
		F37F0CE01A9E5490009BD732 /* Main.storyboard */ = {
			isa = PBXVariantGroup;
			children = (
				F37F0CE11A9E5490009BD732 /* Base */,
			);
			name = Main.storyboard;
			sourceTree = "<group>";
		};
		F37F0CE51A9E5490009BD732 /* LaunchScreen.xib */ = {
			isa = PBXVariantGroup;
			children = (
				F37F0CE61A9E5490009BD732 /* Base */,
			);
			name = LaunchScreen.xib;
			sourceTree = "<group>";
		};
/* End PBXVariantGroup section */

/* Begin XCBuildConfiguration section */
		F37F0CF41A9E5490009BD732 /* Debug */ = {
			isa = XCBuildConfiguration;
			buildSettings = {
				ALWAYS_SEARCH_USER_PATHS = NO;
				CLANG_CXX_LANGUAGE_STANDARD = "gnu++0x";
				CLANG_CXX_LIBRARY = "libc++";
				CLANG_ENABLE_MODULES = YES;
				CLANG_ENABLE_OBJC_ARC = YES;
				CLANG_WARN_BOOL_CONVERSION = YES;
				CLANG_WARN_CONSTANT_CONVERSION = YES;
				CLANG_WARN_DIRECT_OBJC_ISA_USAGE = YES_ERROR;
				CLANG_WARN_EMPTY_BODY = YES;
				CLANG_WARN_ENUM_CONVERSION = YES;
				CLANG_WARN_INT_CONVERSION = YES;
				CLANG_WARN_OBJC_ROOT_CLASS = YES_ERROR;
				CLANG_WARN_UNREACHABLE_CODE = YES;
				CLANG_WARN__DUPLICATE_METHOD_MATCH = YES;
				"CODE_SIGN_IDENTITY[sdk=iphoneos*]" = "iPhone Developer";
				COPY_PHASE_STRIP = NO;
				ENABLE_STRICT_OBJC_MSGSEND = YES;
				GCC_C_LANGUAGE_STANDARD = gnu99;
				GCC_DYNAMIC_NO_PIC = NO;
				GCC_OPTIMIZATION_LEVEL = 0;
				GCC_PREPROCESSOR_DEFINITIONS = (
					"DEBUG=1",
					"$(inherited)",
				);
				GCC_SYMBOLS_PRIVATE_EXTERN = NO;
				GCC_WARN_64_TO_32_BIT_CONVERSION = YES;
				GCC_WARN_ABOUT_RETURN_TYPE = YES_ERROR;
				GCC_WARN_UNDECLARED_SELECTOR = YES;
				GCC_WARN_UNINITIALIZED_AUTOS = YES_AGGRESSIVE;
				GCC_WARN_UNUSED_FUNCTION = YES;
				GCC_WARN_UNUSED_VARIABLE = YES;
				IPHONEOS_DEPLOYMENT_TARGET = 8.1;
				MTL_ENABLE_DEBUG_INFO = YES;
				ONLY_ACTIVE_ARCH = YES;
				SDKROOT = iphoneos;
				SWIFT_OPTIMIZATION_LEVEL = "-Onone";
			};
			name = Debug;
		};
		F37F0CF51A9E5490009BD732 /* Release */ = {
			isa = XCBuildConfiguration;
			buildSettings = {
				ALWAYS_SEARCH_USER_PATHS = NO;
				CLANG_CXX_LANGUAGE_STANDARD = "gnu++0x";
				CLANG_CXX_LIBRARY = "libc++";
				CLANG_ENABLE_MODULES = YES;
				CLANG_ENABLE_OBJC_ARC = YES;
				CLANG_WARN_BOOL_CONVERSION = YES;
				CLANG_WARN_CONSTANT_CONVERSION = YES;
				CLANG_WARN_DIRECT_OBJC_ISA_USAGE = YES_ERROR;
				CLANG_WARN_EMPTY_BODY = YES;
				CLANG_WARN_ENUM_CONVERSION = YES;
				CLANG_WARN_INT_CONVERSION = YES;
				CLANG_WARN_OBJC_ROOT_CLASS = YES_ERROR;
				CLANG_WARN_UNREACHABLE_CODE = YES;
				CLANG_WARN__DUPLICATE_METHOD_MATCH = YES;
				"CODE_SIGN_IDENTITY[sdk=iphoneos*]" = "iPhone Developer";
				COPY_PHASE_STRIP = YES;
				ENABLE_NS_ASSERTIONS = NO;
				ENABLE_STRICT_OBJC_MSGSEND = YES;
				GCC_C_LANGUAGE_STANDARD = gnu99;
				GCC_WARN_64_TO_32_BIT_CONVERSION = YES;
				GCC_WARN_ABOUT_RETURN_TYPE = YES_ERROR;
				GCC_WARN_UNDECLARED_SELECTOR = YES;
				GCC_WARN_UNINITIALIZED_AUTOS = YES_AGGRESSIVE;
				GCC_WARN_UNUSED_FUNCTION = YES;
				GCC_WARN_UNUSED_VARIABLE = YES;
				IPHONEOS_DEPLOYMENT_TARGET = 8.1;
				MTL_ENABLE_DEBUG_INFO = NO;
				SDKROOT = iphoneos;
				VALIDATE_PRODUCT = YES;
			};
			name = Release;
		};
		F37F0CF71A9E5490009BD732 /* Debug */ = {
			isa = XCBuildConfiguration;
			buildSettings = {
				ASSETCATALOG_COMPILER_APPICON_NAME = AppIcon;
				INFOPLIST_FILE = FacebookSetting/Info.plist;
				LD_RUNPATH_SEARCH_PATHS = "$(inherited) @executable_path/Frameworks";
				PRODUCT_NAME = "$(TARGET_NAME)";
			};
			name = Debug;
		};
		F37F0CF81A9E5490009BD732 /* Release */ = {
			isa = XCBuildConfiguration;
			buildSettings = {
				ASSETCATALOG_COMPILER_APPICON_NAME = AppIcon;
				INFOPLIST_FILE = FacebookSetting/Info.plist;
				LD_RUNPATH_SEARCH_PATHS = "$(inherited) @executable_path/Frameworks";
				PRODUCT_NAME = "$(TARGET_NAME)";
			};
			name = Release;
		};
		F37F0CFA1A9E5490009BD732 /* Debug */ = {
			isa = XCBuildConfiguration;
			buildSettings = {
				BUNDLE_LOADER = "$(TEST_HOST)";
				FRAMEWORK_SEARCH_PATHS = (
					"$(SDKROOT)/Developer/Library/Frameworks",
					"$(inherited)",
				);
				GCC_PREPROCESSOR_DEFINITIONS = (
					"DEBUG=1",
					"$(inherited)",
				);
				INFOPLIST_FILE = FacebookSettingTests/Info.plist;
				LD_RUNPATH_SEARCH_PATHS = "$(inherited) @executable_path/Frameworks @loader_path/Frameworks";
				PRODUCT_NAME = "$(TARGET_NAME)";
				TEST_HOST = "$(BUILT_PRODUCTS_DIR)/FacebookSetting.app/FacebookSetting";
			};
			name = Debug;
		};
		F37F0CFB1A9E5490009BD732 /* Release */ = {
			isa = XCBuildConfiguration;
			buildSettings = {
				BUNDLE_LOADER = "$(TEST_HOST)";
				FRAMEWORK_SEARCH_PATHS = (
					"$(SDKROOT)/Developer/Library/Frameworks",
					"$(inherited)",
				);
				INFOPLIST_FILE = FacebookSettingTests/Info.plist;
				LD_RUNPATH_SEARCH_PATHS = "$(inherited) @executable_path/Frameworks @loader_path/Frameworks";
				PRODUCT_NAME = "$(TARGET_NAME)";
				TEST_HOST = "$(BUILT_PRODUCTS_DIR)/FacebookSetting.app/FacebookSetting";
			};
			name = Release;
		};
/* End XCBuildConfiguration section */

/* Begin XCConfigurationList section */
		F37F0CD21A9E5490009BD732 /* Build configuration list for PBXProject "FacebookSetting" */ = {
			isa = XCConfigurationList;
			buildConfigurations = (
				F37F0CF41A9E5490009BD732 /* Debug */,
				F37F0CF51A9E5490009BD732 /* Release */,
			);
			defaultConfigurationIsVisible = 0;
			defaultConfigurationName = Release;
		};
		F37F0CF61A9E5490009BD732 /* Build configuration list for PBXNativeTarget "FacebookSetting" */ = {
			isa = XCConfigurationList;
			buildConfigurations = (
				F37F0CF71A9E5490009BD732 /* Debug */,
				F37F0CF81A9E5490009BD732 /* Release */,
			);
			defaultConfigurationIsVisible = 0;
		};
		F37F0CF91A9E5490009BD732 /* Build configuration list for PBXNativeTarget "FacebookSettingTests" */ = {
			isa = XCConfigurationList;
			buildConfigurations = (
				F37F0CFA1A9E5490009BD732 /* Debug */,
				F37F0CFB1A9E5490009BD732 /* Release */,
			);
			defaultConfigurationIsVisible = 0;
		};
/* End XCConfigurationList section */
	};
	rootObject = F37F0CCF1A9E5490009BD732 /* Project object */;
}
